
Microsoft Visual Studio Solution File, Format Version 12.00
# Visual Studio Version 16
VisualStudioVersion = 16.0.31729.503
MinimumVisualStudioVersion = 10.0.40219.1
Project("{FAE04EC0-301F-11D3-BF4B-00C04F79EFBC}") = "project", "project\project.csproj", "{6DDEDA2B-9EE6-4224-B354-1ABD71CD5CC8}"
EndProject
Project("{2150E333-8FDC-42A3-9474-1A3956D46DE8}") = "Solution Items", "Solution Items", "{8C370531-1887-470C-8D1F-599E5FDEC2DB}"
EndProject
Global
	GlobalSection(SolutionConfigurationPlatforms) = preSolution
		Debug|Any CPU = Debug|Any CPU
		Release|Any CPU = Release|Any CPU
	EndGlobalSection
	GlobalSection(ProjectConfigurationPlatforms) = postSolution
		{6DDEDA2B-9EE6-4224-B354-1ABD71CD5CC8}.Debug|Any CPU.ActiveCfg = Debug|Any CPU
		{6DDEDA2B-9EE6-4224-B354-1ABD71CD5CC8}.Debug|Any CPU.Build.0 = Debug|Any CPU
		{6DDEDA2B-9EE6-4224-B354-1ABD71CD5CC8}.Release|Any CPU.ActiveCfg = Release|Any CPU
		{6DDEDA2B-9EE6-4224-B354-1ABD71CD5CC8}.Release|Any CPU.Build.0 = Release|Any CPU
	EndGlobalSection
	GlobalSection(SolutionProperties) = preSolution
		HideSolutionNode = FALSE
	EndGlobalSection
	GlobalSection(ExtensibilityGlobals) = postSolution
		SolutionGuid = {988D54F5-0FE9-4D9A-B6A4-3FDCD3B1E172}
	EndGlobalSection
EndGlobal
